schema: '2.0'
stages:
  prepare:
    cmd: python src/prepare.py data/raw_data data/prepared
    deps:
    - path: data/raw_data
      hash: md5
      md5: 7f35ff6b5c3bcf4ee4b260c401fadb3f.dir
      size: 88095290
      nfiles: 10
    - path: src/prepare.py
      hash: md5
      md5: 756e1531534ec45c2b2ac564a012814b
      size: 791
    outs:
    - path: data/prepared
      hash: md5
      md5: fedddd7aa0b135aac5547041a0fc51d1.dir
      size: 383526179
      nfiles: 17
  train:
    cmd: python src/train.py data/prepared model
    deps:
    - path: data/prepared
      hash: md5
      md5: fedddd7aa0b135aac5547041a0fc51d1.dir
      size: 383526179
      nfiles: 17
    - path: src/train.py
      hash: md5
      md5: 063dafffaffb3477144ffd9bacdcce27
      size: 5312
    outs:
    - path: model
      hash: md5
      md5: c9bcd671634e85ef8472ce7f8446ad33.dir
      size: 45793688
      nfiles: 1
